{
  "name": "redact-secret-example-mcp-redact",
  "lockfileVersion": 3,
  "requires": true,
  "packages": {
    "": {
      "name": "redact-secret-example-mcp-redact",
      "dependencies": {
        "@redact-secret/adapter-ai-context": "0.1.0-alpha.1",
        "@redact-secret/adapter-mcp": "0.1.0-alpha.1"
      }
    },
    "node_modules/@redact-secret/adapter": {
      "version": "0.1.2",
      "resolved": "https://registry.npmjs.org/@redact-secret/adapter/-/adapter-0.1.2.tgz",
      "integrity": "sha512-HT8CuuHY5Wc0Z9dojrYc8KdFIVs04dNLtoBsuBIcj9Muukods/lCckXROJI1mTJlWMNeBpVerq3ZSvg0y4TIeQ==",
      "license": "MIT",
      "engines": {
        "node": "20.x || 22.x || 24.x"
      },
      "peerDependencies": {
        "@redact-secret/core": "^0.1.0-beta.6"
      }
    },
    "node_modules/@redact-secret/adapter-ai-context": {
      "version": "0.1.0-alpha.1",
      "resolved": "https://registry.npmjs.org/@redact-secret/adapter-ai-context/-/adapter-ai-context-0.1.0-alpha.1.tgz",
      "integrity": "sha512-C2N1Itezmdi52w6B1VkTjTjKxVwocU5HS48bopiEWs+cyzxA7l1HOh358zzCXQSvNBMn0G2V+C2bdKWD3RBluw==",
      "license": "MIT",
      "dependencies": {
        "@redact-secret/adapter": "^0.1.2"
      },
      "engines": {
        "node": "20.x || 22.x || 24.x"
      },
      "peerDependencies": {
        "@redact-secret/core": "^0.1.0-beta.6"
      }
    },
    "node_modules/@redact-secret/adapter-mcp": {
      "version": "0.1.0-alpha.1",
      "resolved": "https://registry.npmjs.org/@redact-secret/adapter-mcp/-/adapter-mcp-0.1.0-alpha.1.tgz",
      "integrity": "sha512-54LlSNdP7ZU3CWYqpELlEnRtb7koIlVnLS2WONcFztmZrRlALaZKjNYrgrutnwjhBgJyy7NUxvM5/XhaJ8daHw==",
      "license": "MIT",
      "dependencies": {
        "@redact-secret/adapter-ai-context": "^0.1.0-alpha.1"
      },
      "engines": {
        "node": "20.x || 22.x || 24.x"
      },
      "peerDependencies": {
        "@modelcontextprotocol/client": ">=2.0.0 <=2.1.0",
        "@modelcontextprotocol/sdk": ">=1.13.0 <=1.30.1",
        "@modelcontextprotocol/server": ">=2.0.0 <=2.1.0",
        "@redact-secret/core": "^0.1.0-beta.6"
      },
      "peerDependenciesMeta": {
        "@modelcontextprotocol/client": {
          "optional": true
        },
        "@modelcontextprotocol/sdk": {
          "optional": true
        },
        "@modelcontextprotocol/server": {
          "optional": true
        }
      }
    }
  }
}
