{
  "name": "redact-secret-reference-tracing",
  "lockfileVersion": 3,
  "requires": true,
  "packages": {
    "": {
      "name": "redact-secret-reference-tracing",
      "dependencies": {
        "@opentelemetry/api": "1.9.1",
        "@opentelemetry/sdk-trace-base": "2.11.0",
        "@redact-secret/adapter": "0.1.1",
        "@redact-secret/adapter-otel": "0.1.1",
        "@redact-secret/core": "0.1.0-beta.8"
      }
    },
    "node_modules/@opentelemetry/api": {
      "version": "1.9.1",
      "resolved": "https://registry.npmjs.org/@opentelemetry/api/-/api-1.9.1.tgz",
      "integrity": "sha512-gLyJlPHPZYdAk1JENA9LeHejZe1Ti77/pTeFm/nMXmQH/HFZlcS/O2XJB+L8fkbrNSqhdtlvjBVjxwUYanNH5Q==",
      "license": "Apache-2.0",
      "engines": {
        "node": ">=8.0.0"
      }
    },
    "node_modules/@opentelemetry/core": {
      "version": "2.11.0",
      "resolved": "https://registry.npmjs.org/@opentelemetry/core/-/core-2.11.0.tgz",
      "integrity": "sha512-7YP44XH0tV6+Mb54x2YGf84i7yi+31MBZlE8JwvozkxyTvXbSp10X7cI7YE49ChJ3shMJoBmCJF3+1QFBJctGA==",
      "license": "Apache-2.0",
      "dependencies": {
        "@opentelemetry/semantic-conventions": "^1.29.0"
      },
      "engines": {
        "node": "^18.19.0 || >=20.6.0"
      },
      "peerDependencies": {
        "@opentelemetry/api": ">=1.0.0 <1.10.0"
      }
    },
    "node_modules/@opentelemetry/resources": {
      "version": "2.11.0",
      "resolved": "https://registry.npmjs.org/@opentelemetry/resources/-/resources-2.11.0.tgz",
      "integrity": "sha512-Ie7+8q8MDF4FAEQCKVMTx3ReUvxiIAgIiiW3c9JdmP8+HMcDy20puT+AHjexnExgnbvBxjQ9fjkFDWrikJ2jQA==",
      "license": "Apache-2.0",
      "dependencies": {
        "@opentelemetry/core": "2.11.0",
        "@opentelemetry/semantic-conventions": "^1.29.0"
      },
      "engines": {
        "node": "^18.19.0 || >=20.6.0"
      },
      "peerDependencies": {
        "@opentelemetry/api": ">=1.3.0 <1.10.0"
      }
    },
    "node_modules/@opentelemetry/sdk-trace": {
      "version": "2.11.0",
      "resolved": "https://registry.npmjs.org/@opentelemetry/sdk-trace/-/sdk-trace-2.11.0.tgz",
      "integrity": "sha512-fFnTqGm8/G73GQVnxYi7LXa1ZVYEUvgL6XI1LpvV0bPC7WQ/ZGgKxCSl8FnlZBKto9JHHEFTO6s6CUpvvtwFrA==",
      "license": "Apache-2.0",
      "dependencies": {
        "@opentelemetry/core": "2.11.0",
        "@opentelemetry/resources": "2.11.0",
        "@opentelemetry/semantic-conventions": "^1.29.0"
      },
      "engines": {
        "node": "^18.19.0 || >=20.6.0"
      },
      "peerDependencies": {
        "@opentelemetry/api": ">=1.3.0 <1.10.0"
      }
    },
    "node_modules/@opentelemetry/sdk-trace-base": {
      "version": "2.11.0",
      "resolved": "https://registry.npmjs.org/@opentelemetry/sdk-trace-base/-/sdk-trace-base-2.11.0.tgz",
      "integrity": "sha512-H19x/TX/LZdqiYOjM7fqtSxwlplC5pgelavqbQdHbhdq0q/AI/TGkM2dfGuuynTXmJPeF2HoZVoPDu+TGoW78A==",
      "license": "Apache-2.0",
      "dependencies": {
        "@opentelemetry/core": "2.11.0",
        "@opentelemetry/resources": "2.11.0",
        "@opentelemetry/sdk-trace": "2.11.0",
        "@opentelemetry/semantic-conventions": "^1.29.0"
      },
      "engines": {
        "node": "^18.19.0 || >=20.6.0"
      },
      "peerDependencies": {
        "@opentelemetry/api": ">=1.3.0 <1.10.0"
      }
    },
    "node_modules/@opentelemetry/semantic-conventions": {
      "version": "1.43.0",
      "resolved": "https://registry.npmjs.org/@opentelemetry/semantic-conventions/-/semantic-conventions-1.43.0.tgz",
      "integrity": "sha512-eSYWTm620tTk45EKSedaUL8MFYI8hW164hIXsgIHyxu3VobUB3fFCu5t0hQby6OoWRPsG1KkKUG2M5UadiLiVg==",
      "license": "Apache-2.0",
      "engines": {
        "node": ">=14"
      }
    },
    "node_modules/@redact-secret/adapter": {
      "version": "0.1.1",
      "resolved": "https://registry.npmjs.org/@redact-secret/adapter/-/adapter-0.1.1.tgz",
      "integrity": "sha512-91UmyAbpey5ZDafpdIxOZg/+A2T+xobQK1HE3xPTmBwt8YkG3eColW4Eqme+svq4RwhGpdzvJu5vf4CAZqSLTQ==",
      "license": "MIT",
      "engines": {
        "node": "20.x || 22.x || 24.x"
      },
      "peerDependencies": {
        "@redact-secret/core": "^0.1.0-beta.6"
      }
    },
    "node_modules/@redact-secret/adapter-otel": {
      "version": "0.1.1",
      "resolved": "https://registry.npmjs.org/@redact-secret/adapter-otel/-/adapter-otel-0.1.1.tgz",
      "integrity": "sha512-HNlzfL58EmkDGKVhFFL5dIdlGsVoVI2yxsq/XZlMKiNc8J8XGlWRw5r1/90UEG05l6ypqCtLIK5L9j8vF054aw==",
      "license": "MIT",
      "dependencies": {
        "@redact-secret/adapter": "^0.1.1"
      },
      "engines": {
        "node": "20.x || 22.x || 24.x"
      },
      "peerDependencies": {
        "@opentelemetry/sdk-trace-base": "^2.0.0",
        "@redact-secret/core": "^0.1.0-beta.6"
      }
    },
    "node_modules/@redact-secret/core": {
      "version": "0.1.0-beta.8",
      "resolved": "https://registry.npmjs.org/@redact-secret/core/-/core-0.1.0-beta.8.tgz",
      "integrity": "sha512-vM1f1U6/mvMiqLoG1j6vaSE3dvr2neWI32+nCWDsOnLvyrssHEEfkEarp5htTZ+SgMoUicuo3cMMBM8ed+lRuA==",
      "license": "MIT",
      "dependencies": {
        "@redact-secret/wasm": "0.1.0-beta.8"
      },
      "engines": {
        "node": "20.x || 22.x || 24.x"
      },
      "optionalDependencies": {
        "@redact-secret/node-darwin-arm64": "0.1.0-beta.8",
        "@redact-secret/node-darwin-x64": "0.1.0-beta.8",
        "@redact-secret/node-linux-arm64-gnu": "0.1.0-beta.8",
        "@redact-secret/node-linux-arm64-musl": "0.1.0-beta.8",
        "@redact-secret/node-linux-x64-gnu": "0.1.0-beta.8",
        "@redact-secret/node-linux-x64-musl": "0.1.0-beta.8",
        "@redact-secret/node-win32-arm64-msvc": "0.1.0-beta.8",
        "@redact-secret/node-win32-x64-msvc": "0.1.0-beta.8"
      }
    },
    "node_modules/@redact-secret/node-darwin-arm64": {
      "version": "0.1.0-beta.8",
      "resolved": "https://registry.npmjs.org/@redact-secret/node-darwin-arm64/-/node-darwin-arm64-0.1.0-beta.8.tgz",
      "integrity": "sha512-f7tPThtBfKvinQUV9HbYb+SqPalir2Uc1vcw5nQnFGkengPEIzXrqql4gPyByHKfXnJt6AmUkU+WOj6I8/sjaA==",
      "cpu": [
        "arm64"
      ],
      "license": "MIT",
      "optional": true,
      "os": [
        "darwin"
      ],
      "engines": {
        "node": "20.x || 22.x || 24.x"
      }
    },
    "node_modules/@redact-secret/node-darwin-x64": {
      "version": "0.1.0-beta.8",
      "resolved": "https://registry.npmjs.org/@redact-secret/node-darwin-x64/-/node-darwin-x64-0.1.0-beta.8.tgz",
      "integrity": "sha512-cA+HqkZQ+jebgOruXYVxCQ62STfvZ76U0qCP+/JbOt9Gt6QRTXAFzEFXKSVhzgSSoHHAfIYLqdEdegh1vF678Q==",
      "cpu": [
        "x64"
      ],
      "license": "MIT",
      "optional": true,
      "os": [
        "darwin"
      ],
      "engines": {
        "node": "20.x || 22.x || 24.x"
      }
    },
    "node_modules/@redact-secret/node-linux-arm64-gnu": {
      "version": "0.1.0-beta.8",
      "resolved": "https://registry.npmjs.org/@redact-secret/node-linux-arm64-gnu/-/node-linux-arm64-gnu-0.1.0-beta.8.tgz",
      "integrity": "sha512-sF0CrtjKA40uFayVS4tH2r8Dij6sKEwauKc5yi5iFkR0JFKFrBdwLoganlfpzQHAAHaD2a+wuZamWH+c0MAPwg==",
      "cpu": [
        "arm64"
      ],
      "license": "MIT",
      "optional": true,
      "os": [
        "linux"
      ],
      "engines": {
        "node": "20.x || 22.x || 24.x"
      }
    },
    "node_modules/@redact-secret/node-linux-arm64-musl": {
      "version": "0.1.0-beta.8",
      "resolved": "https://registry.npmjs.org/@redact-secret/node-linux-arm64-musl/-/node-linux-arm64-musl-0.1.0-beta.8.tgz",
      "integrity": "sha512-W4ZD5seqkRU4ri/VGDhs9sGFdpF0xaQRh82cIwcjELGfJgPYgb0orURMZl11PdiPbMnV1HYrhNy2hnIEeiR/DA==",
      "cpu": [
        "arm64"
      ],
      "license": "MIT",
      "optional": true,
      "os": [
        "linux"
      ],
      "engines": {
        "node": "20.x || 22.x || 24.x"
      }
    },
    "node_modules/@redact-secret/node-linux-x64-gnu": {
      "version": "0.1.0-beta.8",
      "resolved": "https://registry.npmjs.org/@redact-secret/node-linux-x64-gnu/-/node-linux-x64-gnu-0.1.0-beta.8.tgz",
      "integrity": "sha512-8uGIxfVNyUo2qZm7Hge/+4G1Q4VCPr3i2Qm1se+rHVTbIAC5u3UqnRUZKdE9YiW99S5dUVOiGIR+72nLKhPOdg==",
      "cpu": [
        "x64"
      ],
      "license": "MIT",
      "optional": true,
      "os": [
        "linux"
      ],
      "engines": {
        "node": "20.x || 22.x || 24.x"
      }
    },
    "node_modules/@redact-secret/node-linux-x64-musl": {
      "version": "0.1.0-beta.8",
      "resolved": "https://registry.npmjs.org/@redact-secret/node-linux-x64-musl/-/node-linux-x64-musl-0.1.0-beta.8.tgz",
      "integrity": "sha512-ydrtGIYQv4Hy0rR4OLm7x+afO4pCgIPNZB4GZWMgef76W3QcBay2Qt6Ks66h6eEVdZ6r36lTC1VXDciJBNkDrA==",
      "cpu": [
        "x64"
      ],
      "license": "MIT",
      "optional": true,
      "os": [
        "linux"
      ],
      "engines": {
        "node": "20.x || 22.x || 24.x"
      }
    },
    "node_modules/@redact-secret/node-win32-arm64-msvc": {
      "version": "0.1.0-beta.8",
      "resolved": "https://registry.npmjs.org/@redact-secret/node-win32-arm64-msvc/-/node-win32-arm64-msvc-0.1.0-beta.8.tgz",
      "integrity": "sha512-q1uFVB9N4mJqxRQZMn+JHYDb2uvipTET7+UDJ3JkMnpt+EkcCr/VxLcbCNzp9dj7M0jCQQZoy4WacMy2GYUqrA==",
      "cpu": [
        "arm64"
      ],
      "license": "MIT",
      "optional": true,
      "os": [
        "win32"
      ],
      "engines": {
        "node": "20.x || 22.x || 24.x"
      }
    },
    "node_modules/@redact-secret/node-win32-x64-msvc": {
      "version": "0.1.0-beta.8",
      "resolved": "https://registry.npmjs.org/@redact-secret/node-win32-x64-msvc/-/node-win32-x64-msvc-0.1.0-beta.8.tgz",
      "integrity": "sha512-Jm/ZzqF5FsmIfa7Vu2cOXRDKwW48QR2jbrAHlDmp1ERHARuibQKaU1qIJdiz3R+Nf/tPoQXsOBbkKJCideBUAA==",
      "cpu": [
        "x64"
      ],
      "license": "MIT",
      "optional": true,
      "os": [
        "win32"
      ],
      "engines": {
        "node": "20.x || 22.x || 24.x"
      }
    },
    "node_modules/@redact-secret/wasm": {
      "version": "0.1.0-beta.8",
      "resolved": "https://registry.npmjs.org/@redact-secret/wasm/-/wasm-0.1.0-beta.8.tgz",
      "integrity": "sha512-h4a3UV0upmJuTqP6Ungu6p89hfmEh31qa+6wKKcYKIA0PFWAaety7IX0yg4TgAMaBrYFz8CDggAUb3OR2O47cw==",
      "license": "MIT"
    }
  }
}
