{
  "name": "redact-secret-reference-ai-context",
  "lockfileVersion": 3,
  "requires": true,
  "packages": {
    "": {
      "name": "redact-secret-reference-ai-context",
      "dependencies": {
        "@redact-secret/core": "0.1.0-beta.8"
      }
    },
    "node_modules/@redact-secret/core": {
      "version": "0.1.0-beta.8",
      "resolved": "https://registry.npmjs.org/@redact-secret/core/-/core-0.1.0-beta.8.tgz",
      "integrity": "sha512-vM1f1U6/mvMiqLoG1j6vaSE3dvr2neWI32+nCWDsOnLvyrssHEEfkEarp5htTZ+SgMoUicuo3cMMBM8ed+lRuA==",
      "license": "MIT",
      "dependencies": {
        "@redact-secret/wasm": "0.1.0-beta.8"
      },
      "engines": {
        "node": "20.x || 22.x || 24.x"
      },
      "optionalDependencies": {
        "@redact-secret/node-darwin-arm64": "0.1.0-beta.8",
        "@redact-secret/node-darwin-x64": "0.1.0-beta.8",
        "@redact-secret/node-linux-arm64-gnu": "0.1.0-beta.8",
        "@redact-secret/node-linux-arm64-musl": "0.1.0-beta.8",
        "@redact-secret/node-linux-x64-gnu": "0.1.0-beta.8",
        "@redact-secret/node-linux-x64-musl": "0.1.0-beta.8",
        "@redact-secret/node-win32-arm64-msvc": "0.1.0-beta.8",
        "@redact-secret/node-win32-x64-msvc": "0.1.0-beta.8"
      }
    },
    "node_modules/@redact-secret/node-darwin-arm64": {
      "version": "0.1.0-beta.8",
      "resolved": "https://registry.npmjs.org/@redact-secret/node-darwin-arm64/-/node-darwin-arm64-0.1.0-beta.8.tgz",
      "integrity": "sha512-f7tPThtBfKvinQUV9HbYb+SqPalir2Uc1vcw5nQnFGkengPEIzXrqql4gPyByHKfXnJt6AmUkU+WOj6I8/sjaA==",
      "cpu": [
        "arm64"
      ],
      "license": "MIT",
      "optional": true,
      "os": [
        "darwin"
      ],
      "engines": {
        "node": "20.x || 22.x || 24.x"
      }
    },
    "node_modules/@redact-secret/node-darwin-x64": {
      "version": "0.1.0-beta.8",
      "resolved": "https://registry.npmjs.org/@redact-secret/node-darwin-x64/-/node-darwin-x64-0.1.0-beta.8.tgz",
      "integrity": "sha512-cA+HqkZQ+jebgOruXYVxCQ62STfvZ76U0qCP+/JbOt9Gt6QRTXAFzEFXKSVhzgSSoHHAfIYLqdEdegh1vF678Q==",
      "cpu": [
        "x64"
      ],
      "license": "MIT",
      "optional": true,
      "os": [
        "darwin"
      ],
      "engines": {
        "node": "20.x || 22.x || 24.x"
      }
    },
    "node_modules/@redact-secret/node-linux-arm64-gnu": {
      "version": "0.1.0-beta.8",
      "resolved": "https://registry.npmjs.org/@redact-secret/node-linux-arm64-gnu/-/node-linux-arm64-gnu-0.1.0-beta.8.tgz",
      "integrity": "sha512-sF0CrtjKA40uFayVS4tH2r8Dij6sKEwauKc5yi5iFkR0JFKFrBdwLoganlfpzQHAAHaD2a+wuZamWH+c0MAPwg==",
      "cpu": [
        "arm64"
      ],
      "license": "MIT",
      "optional": true,
      "os": [
        "linux"
      ],
      "engines": {
        "node": "20.x || 22.x || 24.x"
      }
    },
    "node_modules/@redact-secret/node-linux-arm64-musl": {
      "version": "0.1.0-beta.8",
      "resolved": "https://registry.npmjs.org/@redact-secret/node-linux-arm64-musl/-/node-linux-arm64-musl-0.1.0-beta.8.tgz",
      "integrity": "sha512-W4ZD5seqkRU4ri/VGDhs9sGFdpF0xaQRh82cIwcjELGfJgPYgb0orURMZl11PdiPbMnV1HYrhNy2hnIEeiR/DA==",
      "cpu": [
        "arm64"
      ],
      "license": "MIT",
      "optional": true,
      "os": [
        "linux"
      ],
      "engines": {
        "node": "20.x || 22.x || 24.x"
      }
    },
    "node_modules/@redact-secret/node-linux-x64-gnu": {
      "version": "0.1.0-beta.8",
      "resolved": "https://registry.npmjs.org/@redact-secret/node-linux-x64-gnu/-/node-linux-x64-gnu-0.1.0-beta.8.tgz",
      "integrity": "sha512-8uGIxfVNyUo2qZm7Hge/+4G1Q4VCPr3i2Qm1se+rHVTbIAC5u3UqnRUZKdE9YiW99S5dUVOiGIR+72nLKhPOdg==",
      "cpu": [
        "x64"
      ],
      "license": "MIT",
      "optional": true,
      "os": [
        "linux"
      ],
      "engines": {
        "node": "20.x || 22.x || 24.x"
      }
    },
    "node_modules/@redact-secret/node-linux-x64-musl": {
      "version": "0.1.0-beta.8",
      "resolved": "https://registry.npmjs.org/@redact-secret/node-linux-x64-musl/-/node-linux-x64-musl-0.1.0-beta.8.tgz",
      "integrity": "sha512-ydrtGIYQv4Hy0rR4OLm7x+afO4pCgIPNZB4GZWMgef76W3QcBay2Qt6Ks66h6eEVdZ6r36lTC1VXDciJBNkDrA==",
      "cpu": [
        "x64"
      ],
      "license": "MIT",
      "optional": true,
      "os": [
        "linux"
      ],
      "engines": {
        "node": "20.x || 22.x || 24.x"
      }
    },
    "node_modules/@redact-secret/node-win32-arm64-msvc": {
      "version": "0.1.0-beta.8",
      "resolved": "https://registry.npmjs.org/@redact-secret/node-win32-arm64-msvc/-/node-win32-arm64-msvc-0.1.0-beta.8.tgz",
      "integrity": "sha512-q1uFVB9N4mJqxRQZMn+JHYDb2uvipTET7+UDJ3JkMnpt+EkcCr/VxLcbCNzp9dj7M0jCQQZoy4WacMy2GYUqrA==",
      "cpu": [
        "arm64"
      ],
      "license": "MIT",
      "optional": true,
      "os": [
        "win32"
      ],
      "engines": {
        "node": "20.x || 22.x || 24.x"
      }
    },
    "node_modules/@redact-secret/node-win32-x64-msvc": {
      "version": "0.1.0-beta.8",
      "resolved": "https://registry.npmjs.org/@redact-secret/node-win32-x64-msvc/-/node-win32-x64-msvc-0.1.0-beta.8.tgz",
      "integrity": "sha512-Jm/ZzqF5FsmIfa7Vu2cOXRDKwW48QR2jbrAHlDmp1ERHARuibQKaU1qIJdiz3R+Nf/tPoQXsOBbkKJCideBUAA==",
      "cpu": [
        "x64"
      ],
      "license": "MIT",
      "optional": true,
      "os": [
        "win32"
      ],
      "engines": {
        "node": "20.x || 22.x || 24.x"
      }
    },
    "node_modules/@redact-secret/wasm": {
      "version": "0.1.0-beta.8",
      "resolved": "https://registry.npmjs.org/@redact-secret/wasm/-/wasm-0.1.0-beta.8.tgz",
      "integrity": "sha512-h4a3UV0upmJuTqP6Ungu6p89hfmEh31qa+6wKKcYKIA0PFWAaety7IX0yg4TgAMaBrYFz8CDggAUb3OR2O47cw==",
      "license": "MIT"
    }
  }
}
