{
  "name": "redact-secret-reference-logging",
  "lockfileVersion": 3,
  "requires": true,
  "packages": {
    "": {
      "name": "redact-secret-reference-logging",
      "dependencies": {
        "@redact-secret/adapter-pino": "0.1.1",
        "@redact-secret/core": "0.1.0-beta.8",
        "pino": "10.3.1"
      }
    },
    "node_modules/@pinojs/redact": {
      "version": "0.4.0",
      "resolved": "https://registry.npmjs.org/@pinojs/redact/-/redact-0.4.0.tgz",
      "integrity": "sha512-k2ENnmBugE/rzQfEcdWHcCY+/FM3VLzH9cYEsbdsoqrvzAKRhUZeRNhAZvB8OitQJ1TBed3yqWtdjzS6wJKBwg==",
      "license": "MIT"
    },
    "node_modules/@redact-secret/adapter": {
      "version": "0.1.1",
      "resolved": "https://registry.npmjs.org/@redact-secret/adapter/-/adapter-0.1.1.tgz",
      "integrity": "sha512-91UmyAbpey5ZDafpdIxOZg/+A2T+xobQK1HE3xPTmBwt8YkG3eColW4Eqme+svq4RwhGpdzvJu5vf4CAZqSLTQ==",
      "license": "MIT",
      "engines": {
        "node": "20.x || 22.x || 24.x"
      },
      "peerDependencies": {
        "@redact-secret/core": "^0.1.0-beta.6"
      }
    },
    "node_modules/@redact-secret/adapter-pino": {
      "version": "0.1.1",
      "resolved": "https://registry.npmjs.org/@redact-secret/adapter-pino/-/adapter-pino-0.1.1.tgz",
      "integrity": "sha512-IkdvlZXtZTlLDAsfYyujYwOrya0znR7mkkepE9CUshN3vwqIxUq4LFAqtfkP/f2XZoc66dtYvt8pk7gMnKvzAA==",
      "license": "MIT",
      "dependencies": {
        "@redact-secret/adapter": "^0.1.1"
      },
      "engines": {
        "node": "20.x || 22.x || 24.x"
      },
      "peerDependencies": {
        "@redact-secret/core": "^0.1.0-beta.6",
        "pino": "^10.0.0"
      }
    },
    "node_modules/@redact-secret/core": {
      "version": "0.1.0-beta.8",
      "resolved": "https://registry.npmjs.org/@redact-secret/core/-/core-0.1.0-beta.8.tgz",
      "integrity": "sha512-vM1f1U6/mvMiqLoG1j6vaSE3dvr2neWI32+nCWDsOnLvyrssHEEfkEarp5htTZ+SgMoUicuo3cMMBM8ed+lRuA==",
      "license": "MIT",
      "dependencies": {
        "@redact-secret/wasm": "0.1.0-beta.8"
      },
      "engines": {
        "node": "20.x || 22.x || 24.x"
      },
      "optionalDependencies": {
        "@redact-secret/node-darwin-arm64": "0.1.0-beta.8",
        "@redact-secret/node-darwin-x64": "0.1.0-beta.8",
        "@redact-secret/node-linux-arm64-gnu": "0.1.0-beta.8",
        "@redact-secret/node-linux-arm64-musl": "0.1.0-beta.8",
        "@redact-secret/node-linux-x64-gnu": "0.1.0-beta.8",
        "@redact-secret/node-linux-x64-musl": "0.1.0-beta.8",
        "@redact-secret/node-win32-arm64-msvc": "0.1.0-beta.8",
        "@redact-secret/node-win32-x64-msvc": "0.1.0-beta.8"
      }
    },
    "node_modules/@redact-secret/node-darwin-arm64": {
      "version": "0.1.0-beta.8",
      "resolved": "https://registry.npmjs.org/@redact-secret/node-darwin-arm64/-/node-darwin-arm64-0.1.0-beta.8.tgz",
      "integrity": "sha512-f7tPThtBfKvinQUV9HbYb+SqPalir2Uc1vcw5nQnFGkengPEIzXrqql4gPyByHKfXnJt6AmUkU+WOj6I8/sjaA==",
      "cpu": [
        "arm64"
      ],
      "license": "MIT",
      "optional": true,
      "os": [
        "darwin"
      ],
      "engines": {
        "node": "20.x || 22.x || 24.x"
      }
    },
    "node_modules/@redact-secret/node-darwin-x64": {
      "version": "0.1.0-beta.8",
      "resolved": "https://registry.npmjs.org/@redact-secret/node-darwin-x64/-/node-darwin-x64-0.1.0-beta.8.tgz",
      "integrity": "sha512-cA+HqkZQ+jebgOruXYVxCQ62STfvZ76U0qCP+/JbOt9Gt6QRTXAFzEFXKSVhzgSSoHHAfIYLqdEdegh1vF678Q==",
      "cpu": [
        "x64"
      ],
      "license": "MIT",
      "optional": true,
      "os": [
        "darwin"
      ],
      "engines": {
        "node": "20.x || 22.x || 24.x"
      }
    },
    "node_modules/@redact-secret/node-linux-arm64-gnu": {
      "version": "0.1.0-beta.8",
      "resolved": "https://registry.npmjs.org/@redact-secret/node-linux-arm64-gnu/-/node-linux-arm64-gnu-0.1.0-beta.8.tgz",
      "integrity": "sha512-sF0CrtjKA40uFayVS4tH2r8Dij6sKEwauKc5yi5iFkR0JFKFrBdwLoganlfpzQHAAHaD2a+wuZamWH+c0MAPwg==",
      "cpu": [
        "arm64"
      ],
      "license": "MIT",
      "optional": true,
      "os": [
        "linux"
      ],
      "engines": {
        "node": "20.x || 22.x || 24.x"
      }
    },
    "node_modules/@redact-secret/node-linux-arm64-musl": {
      "version": "0.1.0-beta.8",
      "resolved": "https://registry.npmjs.org/@redact-secret/node-linux-arm64-musl/-/node-linux-arm64-musl-0.1.0-beta.8.tgz",
      "integrity": "sha512-W4ZD5seqkRU4ri/VGDhs9sGFdpF0xaQRh82cIwcjELGfJgPYgb0orURMZl11PdiPbMnV1HYrhNy2hnIEeiR/DA==",
      "cpu": [
        "arm64"
      ],
      "license": "MIT",
      "optional": true,
      "os": [
        "linux"
      ],
      "engines": {
        "node": "20.x || 22.x || 24.x"
      }
    },
    "node_modules/@redact-secret/node-linux-x64-gnu": {
      "version": "0.1.0-beta.8",
      "resolved": "https://registry.npmjs.org/@redact-secret/node-linux-x64-gnu/-/node-linux-x64-gnu-0.1.0-beta.8.tgz",
      "integrity": "sha512-8uGIxfVNyUo2qZm7Hge/+4G1Q4VCPr3i2Qm1se+rHVTbIAC5u3UqnRUZKdE9YiW99S5dUVOiGIR+72nLKhPOdg==",
      "cpu": [
        "x64"
      ],
      "license": "MIT",
      "optional": true,
      "os": [
        "linux"
      ],
      "engines": {
        "node": "20.x || 22.x || 24.x"
      }
    },
    "node_modules/@redact-secret/node-linux-x64-musl": {
      "version": "0.1.0-beta.8",
      "resolved": "https://registry.npmjs.org/@redact-secret/node-linux-x64-musl/-/node-linux-x64-musl-0.1.0-beta.8.tgz",
      "integrity": "sha512-ydrtGIYQv4Hy0rR4OLm7x+afO4pCgIPNZB4GZWMgef76W3QcBay2Qt6Ks66h6eEVdZ6r36lTC1VXDciJBNkDrA==",
      "cpu": [
        "x64"
      ],
      "license": "MIT",
      "optional": true,
      "os": [
        "linux"
      ],
      "engines": {
        "node": "20.x || 22.x || 24.x"
      }
    },
    "node_modules/@redact-secret/node-win32-arm64-msvc": {
      "version": "0.1.0-beta.8",
      "resolved": "https://registry.npmjs.org/@redact-secret/node-win32-arm64-msvc/-/node-win32-arm64-msvc-0.1.0-beta.8.tgz",
      "integrity": "sha512-q1uFVB9N4mJqxRQZMn+JHYDb2uvipTET7+UDJ3JkMnpt+EkcCr/VxLcbCNzp9dj7M0jCQQZoy4WacMy2GYUqrA==",
      "cpu": [
        "arm64"
      ],
      "license": "MIT",
      "optional": true,
      "os": [
        "win32"
      ],
      "engines": {
        "node": "20.x || 22.x || 24.x"
      }
    },
    "node_modules/@redact-secret/node-win32-x64-msvc": {
      "version": "0.1.0-beta.8",
      "resolved": "https://registry.npmjs.org/@redact-secret/node-win32-x64-msvc/-/node-win32-x64-msvc-0.1.0-beta.8.tgz",
      "integrity": "sha512-Jm/ZzqF5FsmIfa7Vu2cOXRDKwW48QR2jbrAHlDmp1ERHARuibQKaU1qIJdiz3R+Nf/tPoQXsOBbkKJCideBUAA==",
      "cpu": [
        "x64"
      ],
      "license": "MIT",
      "optional": true,
      "os": [
        "win32"
      ],
      "engines": {
        "node": "20.x || 22.x || 24.x"
      }
    },
    "node_modules/@redact-secret/wasm": {
      "version": "0.1.0-beta.8",
      "resolved": "https://registry.npmjs.org/@redact-secret/wasm/-/wasm-0.1.0-beta.8.tgz",
      "integrity": "sha512-h4a3UV0upmJuTqP6Ungu6p89hfmEh31qa+6wKKcYKIA0PFWAaety7IX0yg4TgAMaBrYFz8CDggAUb3OR2O47cw==",
      "license": "MIT"
    },
    "node_modules/atomic-sleep": {
      "version": "1.0.0",
      "resolved": "https://registry.npmjs.org/atomic-sleep/-/atomic-sleep-1.0.0.tgz",
      "integrity": "sha512-kNOjDqAh7px0XWNI+4QbzoiR/nTkHAWNud2uvnJquD1/x5a7EQZMJT0AczqK0Qn67oY/TTQ1LbUKajZpp3I9tQ==",
      "license": "MIT",
      "engines": {
        "node": ">=8.0.0"
      }
    },
    "node_modules/on-exit-leak-free": {
      "version": "2.1.2",
      "resolved": "https://registry.npmjs.org/on-exit-leak-free/-/on-exit-leak-free-2.1.2.tgz",
      "integrity": "sha512-0eJJY6hXLGf1udHwfNftBqH+g73EU4B504nZeKpz1sYRKafAghwxEJunB2O7rDZkL4PGfsMVnTXZ2EjibbqcsA==",
      "license": "MIT",
      "engines": {
        "node": ">=14.0.0"
      }
    },
    "node_modules/pino": {
      "version": "10.3.1",
      "resolved": "https://registry.npmjs.org/pino/-/pino-10.3.1.tgz",
      "integrity": "sha512-r34yH/GlQpKZbU1BvFFqOjhISRo1MNx1tWYsYvmj6KIRHSPMT2+yHOEb1SG6NMvRoHRF0a07kCOox/9yakl1vg==",
      "license": "MIT",
      "dependencies": {
        "@pinojs/redact": "^0.4.0",
        "atomic-sleep": "^1.0.0",
        "on-exit-leak-free": "^2.1.0",
        "pino-abstract-transport": "^3.0.0",
        "pino-std-serializers": "^7.0.0",
        "process-warning": "^5.0.0",
        "quick-format-unescaped": "^4.0.3",
        "real-require": "^0.2.0",
        "safe-stable-stringify": "^2.3.1",
        "sonic-boom": "^4.0.1",
        "thread-stream": "^4.0.0"
      },
      "bin": {
        "pino": "bin.js"
      }
    },
    "node_modules/pino-abstract-transport": {
      "version": "3.0.0",
      "resolved": "https://registry.npmjs.org/pino-abstract-transport/-/pino-abstract-transport-3.0.0.tgz",
      "integrity": "sha512-wlfUczU+n7Hy/Ha5j9a/gZNy7We5+cXp8YL+X+PG8S0KXxw7n/JXA3c46Y0zQznIJ83URJiwy7Lh56WLokNuxg==",
      "license": "MIT",
      "dependencies": {
        "split2": "^4.0.0"
      }
    },
    "node_modules/pino-std-serializers": {
      "version": "7.1.0",
      "resolved": "https://registry.npmjs.org/pino-std-serializers/-/pino-std-serializers-7.1.0.tgz",
      "integrity": "sha512-BndPH67/JxGExRgiX1dX0w1FvZck5Wa4aal9198SrRhZjH3GxKQUKIBnYJTdj2HDN3UQAS06HlfcSbQj2OHmaw==",
      "license": "MIT"
    },
    "node_modules/process-warning": {
      "version": "5.1.0",
      "resolved": "https://registry.npmjs.org/process-warning/-/process-warning-5.1.0.tgz",
      "integrity": "sha512-jQSaVHsPgtyw60e1rQ/A+/ArPEj/S8pS/vFnyGa/gYFXrKk/6RuDkoqVDQ5NI5MmS01698ltlAk0NoDBNLujRw==",
      "funding": [
        {
          "type": "github",
          "url": "https://github.com/sponsors/fastify"
        },
        {
          "type": "opencollective",
          "url": "https://opencollective.com/fastify"
        }
      ],
      "license": "MIT"
    },
    "node_modules/quick-format-unescaped": {
      "version": "4.0.4",
      "resolved": "https://registry.npmjs.org/quick-format-unescaped/-/quick-format-unescaped-4.0.4.tgz",
      "integrity": "sha512-tYC1Q1hgyRuHgloV/YXs2w15unPVh8qfu/qCTfhTYamaw7fyhumKa2yGpdSo87vY32rIclj+4fWYQXUMs9EHvg==",
      "license": "MIT"
    },
    "node_modules/real-require": {
      "version": "0.2.0",
      "resolved": "https://registry.npmjs.org/real-require/-/real-require-0.2.0.tgz",
      "integrity": "sha512-57frrGM/OCTLqLOAh0mhVA9VBMHd+9U7Zb2THMGdBUoZVOtGbJzjxsYGDJ3A9AYYCP4hn6y1TVbaOfzWtm5GFg==",
      "license": "MIT",
      "engines": {
        "node": ">= 12.13.0"
      }
    },
    "node_modules/safe-stable-stringify": {
      "version": "2.5.0",
      "resolved": "https://registry.npmjs.org/safe-stable-stringify/-/safe-stable-stringify-2.5.0.tgz",
      "integrity": "sha512-b3rppTKm9T+PsVCBEOUR46GWI7fdOs00VKZ1+9c1EWDaDMvjQc6tUwuFyIprgGgTcWoVHSKrU8H31ZHA2e0RHA==",
      "license": "MIT",
      "engines": {
        "node": ">=10"
      }
    },
    "node_modules/sonic-boom": {
      "version": "4.2.1",
      "resolved": "https://registry.npmjs.org/sonic-boom/-/sonic-boom-4.2.1.tgz",
      "integrity": "sha512-w6AxtubXa2wTXAUsZMMWERrsIRAdrK0Sc+FUytWvYAhBJLyuI4llrMIC1DtlNSdI99EI86KZum2MMq3EAZlF9Q==",
      "license": "MIT",
      "dependencies": {
        "atomic-sleep": "^1.0.0"
      }
    },
    "node_modules/split2": {
      "version": "4.2.0",
      "resolved": "https://registry.npmjs.org/split2/-/split2-4.2.0.tgz",
      "integrity": "sha512-UcjcJOWknrNkF6PLX83qcHM6KHgVKNkV62Y8a5uYDVv9ydGQVwAHMKqHdJje1VTWpljG0WYpCDhrCdAOYH4TWg==",
      "license": "ISC",
      "engines": {
        "node": ">= 10.x"
      }
    },
    "node_modules/thread-stream": {
      "version": "4.2.0",
      "resolved": "https://registry.npmjs.org/thread-stream/-/thread-stream-4.2.0.tgz",
      "integrity": "sha512-e2zZ96wSChazBsbENf/Pcm/4swHt2cEKQ92rhUjkL9GCKiTDJIaTBenjE/m9DXi0QBmTMDkFDdOomUy20A1tDQ==",
      "license": "MIT",
      "dependencies": {
        "real-require": "^1.0.0"
      },
      "engines": {
        "node": ">=20"
      }
    },
    "node_modules/thread-stream/node_modules/real-require": {
      "version": "1.0.0",
      "resolved": "https://registry.npmjs.org/real-require/-/real-require-1.0.0.tgz",
      "integrity": "sha512-P4nbQYQfePJxRSmY+v/KINxVucm4NF3p3s7pJveMTtom52FR4YGltUQLB8idDXwDDWW+eYrWDFbuzUnjoWHF7g==",
      "license": "MIT"
    }
  }
}
